
Microsoft Visual Studio Solution File, Format Version 12.00
# Visual Studio Version 16
VisualStudioVersion = 16.0.31112.23
MinimumVisualStudioVersion = 10.0.40219.1
Project("{FAE04EC0-301F-11D3-BF4B-00C04F79EFBC}") = "Sniffer", "Sniffer\Sniffer.csproj", "{5FA18EFD-FB71-485B-BDEF-ED6E891E1E16}"
EndProject
Global
	GlobalSection(SolutionConfigurationPlatforms) = preSolution
		Debug|Any CPU = Debug|Any CPU
		Release|Any CPU = Release|Any CPU
	EndGlobalSection
	GlobalSection(ProjectConfigurationPlatforms) = postSolution
		{5FA18EFD-FB71-485B-BDEF-ED6E891E1E16}.Debug|Any CPU.ActiveCfg = Debug|Any CPU
		{5FA18EFD-FB71-485B-BDEF-ED6E891E1E16}.Debug|Any CPU.Build.0 = Debug|Any CPU
		{5FA18EFD-FB71-485B-BDEF-ED6E891E1E16}.Release|Any CPU.ActiveCfg = Release|Any CPU
		{5FA18EFD-FB71-485B-BDEF-ED6E891E1E16}.Release|Any CPU.Build.0 = Release|Any CPU
	EndGlobalSection
	GlobalSection(SolutionProperties) = preSolution
		HideSolutionNode = FALSE
	EndGlobalSection
	GlobalSection(ExtensibilityGlobals) = postSolution
		SolutionGuid = {3B5F4017-CF82-471E-A9D1-6634C6295501}
	EndGlobalSection
EndGlobal
